
Microsoft Visual Studio Solution File, Format Version 12.00
# Visual Studio 15
VisualStudioVersion = 15.0.28307.438
MinimumVisualStudioVersion = 10.0.40219.1
Project("{FAE04EC0-301F-11D3-BF4B-00C04F79EFBC}") = "TodoApi", "TodoApi\TodoApi.csproj", "{946DF814-3735-450C-868A-D39B88390E9B}"
EndProject
Global
	GlobalSection(SolutionConfigurationPlatforms) = preSolution
		Debug|Any CPU = Debug|Any CPU
		Release|Any CPU = Release|Any CPU
	EndGlobalSection
	GlobalSection(ProjectConfigurationPlatforms) = postSolution
		{946DF814-3735-450C-868A-D39B88390E9B}.Debug|Any CPU.ActiveCfg = Debug|Any CPU
		{946DF814-3735-450C-868A-D39B88390E9B}.Debug|Any CPU.Build.0 = Debug|Any CPU
		{946DF814-3735-450C-868A-D39B88390E9B}.Release|Any CPU.ActiveCfg = Release|Any CPU
		{946DF814-3735-450C-868A-D39B88390E9B}.Release|Any CPU.Build.0 = Release|Any CPU
	EndGlobalSection
	GlobalSection(SolutionProperties) = preSolution
		HideSolutionNode = FALSE
	EndGlobalSection
	GlobalSection(ExtensibilityGlobals) = postSolution
		SolutionGuid = {6C108B09-85E9-4ECB-9DB9-E916F215AA13}
	EndGlobalSection
EndGlobal
