
Microsoft Visual Studio Solution File, Format Version 12.00
# Visual Studio 15
VisualStudioVersion = 15.0.28307.438
MinimumVisualStudioVersion = 10.0.40219.1
Project("{9A19103F-16F7-4668-BE54-9A1E7A4F7556}") = "BackendService", "BackendService\BackendService.csproj", "{954E23F3-15BB-4EFB-B21A-32D010ADDE47}"
EndProject
Project("{FAE04EC0-301F-11D3-BF4B-00C04F79EFBC}") = "CV", "..\..\..\CVServ\CV\CV\CV.csproj", "{6621DDD1-F26E-460C-8344-1233B60C2B66}"
EndProject
Global
	GlobalSection(SolutionConfigurationPlatforms) = preSolution
		Debug|Any CPU = Debug|Any CPU
		Release|Any CPU = Release|Any CPU
	EndGlobalSection
	GlobalSection(ProjectConfigurationPlatforms) = postSolution
		{954E23F3-15BB-4EFB-B21A-32D010ADDE47}.Debug|Any CPU.ActiveCfg = Debug|Any CPU
		{954E23F3-15BB-4EFB-B21A-32D010ADDE47}.Debug|Any CPU.Build.0 = Debug|Any CPU
		{954E23F3-15BB-4EFB-B21A-32D010ADDE47}.Release|Any CPU.ActiveCfg = Release|Any CPU
		{954E23F3-15BB-4EFB-B21A-32D010ADDE47}.Release|Any CPU.Build.0 = Release|Any CPU
		{6621DDD1-F26E-460C-8344-1233B60C2B66}.Debug|Any CPU.ActiveCfg = Debug|Any CPU
		{6621DDD1-F26E-460C-8344-1233B60C2B66}.Debug|Any CPU.Build.0 = Debug|Any CPU
		{6621DDD1-F26E-460C-8344-1233B60C2B66}.Release|Any CPU.ActiveCfg = Release|Any CPU
		{6621DDD1-F26E-460C-8344-1233B60C2B66}.Release|Any CPU.Build.0 = Release|Any CPU
	EndGlobalSection
	GlobalSection(SolutionProperties) = preSolution
		HideSolutionNode = FALSE
	EndGlobalSection
	GlobalSection(ExtensibilityGlobals) = postSolution
		SolutionGuid = {D59403F5-E095-4E08-8288-8A9ECE5C5716}
	EndGlobalSection
EndGlobal
